
Microsoft Visual Studio Solution File, Format Version 12.00
# Visual Studio Version 17
VisualStudioVersion = 17.6.33829.357
MinimumVisualStudioVersion = 10.0.40219.1
Project("{FAE04EC0-301F-11D3-BF4B-00C04F79EFBC}") = "BinaryToPowershellScript", "BinaryToPowershellScript\BinaryToPowershellScript.csproj", "{7E4A361C-60E4-4A3D-A434-08FEB73F666C}"
EndProject
Global
	GlobalSection(SolutionConfigurationPlatforms) = preSolution
		Debug|Any CPU = Debug|Any CPU
		Release|Any CPU = Release|Any CPU
	EndGlobalSection
	GlobalSection(ProjectConfigurationPlatforms) = postSolution
		{7E4A361C-60E4-4A3D-A434-08FEB73F666C}.Debug|Any CPU.ActiveCfg = Debug|Any CPU
		{7E4A361C-60E4-4A3D-A434-08FEB73F666C}.Debug|Any CPU.Build.0 = Debug|Any CPU
		{7E4A361C-60E4-4A3D-A434-08FEB73F666C}.Release|Any CPU.ActiveCfg = Release|Any CPU
		{7E4A361C-60E4-4A3D-A434-08FEB73F666C}.Release|Any CPU.Build.0 = Release|Any CPU
	EndGlobalSection
	GlobalSection(SolutionProperties) = preSolution
		HideSolutionNode = FALSE
	EndGlobalSection
	GlobalSection(ExtensibilityGlobals) = postSolution
		SolutionGuid = {5275B693-EFD5-4720-A57D-CE82BD4CF1A9}
	EndGlobalSection
EndGlobal
